PODS:
  - SJAudioPlayer (0.1.0):
    - SJAudioPlayer/Core (= 0.1.0)
  - SJAudioPlayer/Core (0.1.0)

DEPENDENCIES:
  - SJAudioPlayer (from `../`)

EXTERNAL SOURCES:
  SJAudioPlayer:
    :path: "../"

SPEC CHECKSUMS:
  SJAudioPlayer: 10bf8d286a8185244fe253eec253a5d189916afb

PODFILE CHECKSUM: 04ace31981e2163660b2b311309546932112e7d9

COCOAPODS: 1.10.1
