PODS:
  - SJAudioPlayer (1.0.4):
    - SJAudioPlayer/Core (= 1.0.4)
  - SJAudioPlayer/Core (1.0.4)

DEPENDENCIES:
  - SJAudioPlayer (from `../`)

EXTERNAL SOURCES:
  SJAudioPlayer:
    :path: "../"

SPEC CHECKSUMS:
  SJAudioPlayer: 923dbc71c3a4aa81e2b5b535c8a9c7db679e8a33

PODFILE CHECKSUM: 04ace31981e2163660b2b311309546932112e7d9

COCOAPODS: 1.11.3
