PODS:
  - SJAudioPlayer (1.0.1):
    - SJAudioPlayer/Core (= 1.0.1)
  - SJAudioPlayer/Core (1.0.1)

DEPENDENCIES:
  - SJAudioPlayer (from `../`)

EXTERNAL SOURCES:
  SJAudioPlayer:
    :path: "../"

SPEC CHECKSUMS:
  SJAudioPlayer: fbcd8cc7c36e6a9109716f94e49eab252df07890

PODFILE CHECKSUM: 04ace31981e2163660b2b311309546932112e7d9

COCOAPODS: 1.10.1
